# This file is automatically @generated by Cargo.
# It is not intended for manual editing.
version = 4

[[package]]
name = "aep-agent"
version = "0.1.0"
dependencies = [
 "aep-core",
 "aep-platform",
]

[[package]]
name = "aep-core"
version = "0.1.0"

[[package]]
name = "aep-platform"
version = "0.1.0"
dependencies = [
 "aep-core",
]

[[package]]
name = "aep-service"
version = "0.1.0"
dependencies = [
 "aep-core",
]
